
Microsoft Visual Studio Solution File, Format Version 12.00
# Visual Studio Version 17
VisualStudioVersion = 17.9.34723.18
MinimumVisualStudioVersion = 10.0.40219.1
Project("{FAE04EC0-301F-11D3-BF4B-00C04F79EFBC}") = "WebApplication2", "WebApplication2\WebApplication2.csproj", "{B4F9C454-DCB5-419E-B7D0-BFD1CF476490}"
EndProject
Global
	GlobalSection(SolutionConfigurationPlatforms) = preSolution
		Debug|Any CPU = Debug|Any CPU
		Release|Any CPU = Release|Any CPU
	EndGlobalSection
	GlobalSection(ProjectConfigurationPlatforms) = postSolution
		{B4F9C454-DCB5-419E-B7D0-BFD1CF476490}.Debug|Any CPU.ActiveCfg = Debug|Any CPU
		{B4F9C454-DCB5-419E-B7D0-BFD1CF476490}.Debug|Any CPU.Build.0 = Debug|Any CPU
		{B4F9C454-DCB5-419E-B7D0-BFD1CF476490}.Release|Any CPU.ActiveCfg = Release|Any CPU
		{B4F9C454-DCB5-419E-B7D0-BFD1CF476490}.Release|Any CPU.Build.0 = Release|Any CPU
	EndGlobalSection
	GlobalSection(SolutionProperties) = preSolution
		HideSolutionNode = FALSE
	EndGlobalSection
	GlobalSection(ExtensibilityGlobals) = postSolution
		SolutionGuid = {3C7A331C-CD05-41A1-8BDB-8E504B14A394}
	EndGlobalSection
EndGlobal
